
Microsoft Visual Studio Solution File, Format Version 12.00
# Visual Studio Version 17
VisualStudioVersion = 17.4.33110.190
MinimumVisualStudioVersion = 10.0.40219.1
Project("{9A19103F-16F7-4668-BE54-9A1E7A4F7556}") = "Restraunt.WebUI", "Restraunt.WebUI\Restraunt.WebUI.csproj", "{C0913F56-7BB0-4DFB-9282-691D1AC2A9AB}"
EndProject
Project("{9A19103F-16F7-4668-BE54-9A1E7A4F7556}") = "Restraunt.WebAPI", "Restraunt.WebAPI\Restraunt.WebAPI.csproj", "{320710EC-A54E-4B8B-8BB0-CF417B25D332}"
EndProject
Project("{9A19103F-16F7-4668-BE54-9A1E7A4F7556}") = "Restraunt.Core", "Restraunt.Core\Restraunt.Core.csproj", "{2EAA9C03-D238-4303-AB1B-4BB8DDEE4133}"
EndProject
Project("{9A19103F-16F7-4668-BE54-9A1E7A4F7556}") = "Restraunt.Data", "Restraunt.Data\Restraunt.Data.csproj", "{2C21887B-360A-4FA4-A373-0E96D9E7C129}"
EndProject
Project("{FAE04EC0-301F-11D3-BF4B-00C04F79EFBC}") = "Restraunt.Identity", "Restraunt.Identity\Restraunt.Identity.csproj", "{A20745B6-C42D-46B6-AC87-DD347AB46FC4}"
EndProject
Global
	GlobalSection(SolutionConfigurationPlatforms) = preSolution
		Debug|Any CPU = Debug|Any CPU
		Release|Any CPU = Release|Any CPU
	EndGlobalSection
	GlobalSection(ProjectConfigurationPlatforms) = postSolution
		{C0913F56-7BB0-4DFB-9282-691D1AC2A9AB}.Debug|Any CPU.ActiveCfg = Debug|Any CPU
		{C0913F56-7BB0-4DFB-9282-691D1AC2A9AB}.Debug|Any CPU.Build.0 = Debug|Any CPU
		{C0913F56-7BB0-4DFB-9282-691D1AC2A9AB}.Release|Any CPU.ActiveCfg = Release|Any CPU
		{C0913F56-7BB0-4DFB-9282-691D1AC2A9AB}.Release|Any CPU.Build.0 = Release|Any CPU
		{320710EC-A54E-4B8B-8BB0-CF417B25D332}.Debug|Any CPU.ActiveCfg = Debug|Any CPU
		{320710EC-A54E-4B8B-8BB0-CF417B25D332}.Debug|Any CPU.Build.0 = Debug|Any CPU
		{320710EC-A54E-4B8B-8BB0-CF417B25D332}.Release|Any CPU.ActiveCfg = Release|Any CPU
		{320710EC-A54E-4B8B-8BB0-CF417B25D332}.Release|Any CPU.Build.0 = Release|Any CPU
		{2EAA9C03-D238-4303-AB1B-4BB8DDEE4133}.Debug|Any CPU.ActiveCfg = Debug|Any CPU
		{2EAA9C03-D238-4303-AB1B-4BB8DDEE4133}.Debug|Any CPU.Build.0 = Debug|Any CPU
		{2EAA9C03-D238-4303-AB1B-4BB8DDEE4133}.Release|Any CPU.ActiveCfg = Release|Any CPU
		{2EAA9C03-D238-4303-AB1B-4BB8DDEE4133}.Release|Any CPU.Build.0 = Release|Any CPU
		{2C21887B-360A-4FA4-A373-0E96D9E7C129}.Debug|Any CPU.ActiveCfg = Debug|Any CPU
		{2C21887B-360A-4FA4-A373-0E96D9E7C129}.Debug|Any CPU.Build.0 = Debug|Any CPU
		{2C21887B-360A-4FA4-A373-0E96D9E7C129}.Release|Any CPU.ActiveCfg = Release|Any CPU
		{2C21887B-360A-4FA4-A373-0E96D9E7C129}.Release|Any CPU.Build.0 = Release|Any CPU
		{A20745B6-C42D-46B6-AC87-DD347AB46FC4}.Debug|Any CPU.ActiveCfg = Debug|Any CPU
		{A20745B6-C42D-46B6-AC87-DD347AB46FC4}.Debug|Any CPU.Build.0 = Debug|Any CPU
		{A20745B6-C42D-46B6-AC87-DD347AB46FC4}.Release|Any CPU.ActiveCfg = Release|Any CPU
		{A20745B6-C42D-46B6-AC87-DD347AB46FC4}.Release|Any CPU.Build.0 = Release|Any CPU
	EndGlobalSection
	GlobalSection(SolutionProperties) = preSolution
		HideSolutionNode = FALSE
	EndGlobalSection
	GlobalSection(ExtensibilityGlobals) = postSolution
		SolutionGuid = {40E65C1F-F120-4321-A53F-1E65EEF725C5}
	EndGlobalSection
EndGlobal
